// !$*UTF8*$!
{
	archiveVersion = 1;
	classes = {
	};
	objectVersion = 50;
	objects = {

/* Begin PBXBuildFile section */
		B44A2301217B1104007D2523 /* AppDelegate.swift in Sources */ = {isa = PBXBuildFile; fileRef = B44A2300217B1104007D2523 /* AppDelegate.swift */; };
		B44A2303217B1104007D2523 /* ViewController.swift in Sources */ = {isa = PBXBuildFile; fileRef = B44A2302217B1104007D2523 /* ViewController.swift */; };
		B44A2306217B1104007D2523 /* Main.storyboard in Resources */ = {isa = PBXBuildFile; fileRef = B44A2304217B1104007D2523 /* Main.storyboard */; };
		B44A2308217B1106007D2523 /* Assets.xcassets in Resources */ = {isa = PBXBuildFile; fileRef = B44A2307217B1106007D2523 /* Assets.xcassets */; };
		B44A230B217B1106007D2523 /* LaunchScreen.storyboard in Resources */ = {isa = PBXBuildFile; fileRef = B44A2309217B1106007D2523 /* LaunchScreen.storyboard */; };
		E9CCCEB37682DCB136C02F71 /* Pods_ServerSocketPractice.framework in Frameworks */ = {isa = PBXBuildFile; fileRef = A1A006A0DD71345097913923 /* Pods_ServerSocketPractice.framework */; };
/* End PBXBuildFile section */

/* Begin PBXFileReference section */
		3B75B1F84A0F5EC0B73BEAAB /* Pods-ServerSocketPractice.debug.xcconfig */ = {isa = PBXFileReference; includeInIndex = 1; lastKnownFileType = text.xcconfig; name = "Pods-ServerSocketPractice.debug.xcconfig"; path = "Pods/Target Support Files/Pods-ServerSocketPractice/Pods-ServerSocketPractice.debug.xcconfig"; sourceTree = "<group>"; };
		A1A006A0DD71345097913923 /* Pods_ServerSocketPractice.framework */ = {isa = PBXFileReference; explicitFileType = wrapper.framework; includeInIndex = 0; path = Pods_ServerSocketPractice.framework; sourceTree = BUILT_PRODUCTS_DIR; };
		B44A22FD217B1104007D2523 /* ServerSocketPractice.app */ = {isa = PBXFileReference; explicitFileType = wrapper.application; includeInIndex = 0; path = ServerSocketPractice.app; sourceTree = BUILT_PRODUCTS_DIR; };
		B44A2300217B1104007D2523 /* AppDelegate.swift */ = {isa = PBXFileReference; lastKnownFileType = sourcecode.swift; path = AppDelegate.swift; sourceTree = "<group>"; };
		B44A2302217B1104007D2523 /* ViewController.swift */ = {isa = PBXFileReference; lastKnownFileType = sourcecode.swift; path = ViewController.swift; sourceTree = "<group>"; };
		B44A2305217B1104007D2523 /* Base */ = {isa = PBXFileReference; lastKnownFileType = file.storyboard; name = Base; path = Base.lproj/Main.storyboard; sourceTree = "<group>"; };
		B44A2307217B1106007D2523 /* Assets.xcassets */ = {isa = PBXFileReference; lastKnownFileType = folder.assetcatalog; path = Assets.xcassets; sourceTree = "<group>"; };
		B44A230A217B1106007D2523 /* Base */ = {isa = PBXFileReference; lastKnownFileType = file.storyboard; name = Base; path = Base.lproj/LaunchScreen.storyboard; sourceTree = "<group>"; };
		B44A230C217B1106007D2523 /* Info.plist */ = {isa = PBXFileReference; lastKnownFileType = text.plist.xml; path = Info.plist; sourceTree = "<group>"; };
		C26CFF2BF0B3D665519B12C8 /* Pods-ServerSocketPractice.release.xcconfig */ = {isa = PBXFileReference; includeInIndex = 1; lastKnownFileType = text.xcconfig; name = "Pods-ServerSocketPractice.release.xcconfig"; path = "Pods/Target Support Files/Pods-ServerSocketPractice/Pods-ServerSocketPractice.release.xcconfig"; sourceTree = "<group>"; };
/* End PBXFileReference section */

/* Begin PBXFrameworksBuildPhase section */
		B44A22FA217B1104007D2523 /* Frameworks */ = {
			isa = PBXFrameworksBuildPhase;
			buildActionMask = 2147483647;
			files = (
				E9CCCEB37682DCB136C02F71 /* Pods_ServerSocketPractice.framework in Frameworks */,
			);
			runOnlyForDeploymentPostprocessing = 0;
		};
/* End PBXFrameworksBuildPhase section */

/* Begin PBXGroup section */
		0B1AF27F352A3C58F6978014 /* Frameworks */ = {
			isa = PBXGroup;
			children = (
				A1A006A0DD71345097913923 /* Pods_ServerSocketPractice.framework */,
			);
			name = Frameworks;
			sourceTree = "<group>";
		};
		8E8375C94E92C65E57BB43AE /* Pods */ = {
			isa = PBXGroup;
			children = (
				3B75B1F84A0F5EC0B73BEAAB /* Pods-ServerSocketPractice.debug.xcconfig */,
				C26CFF2BF0B3D665519B12C8 /* Pods-ServerSocketPractice.release.xcconfig */,
			);
			name = Pods;
			sourceTree = "<group>";
		};
		B44A22F4217B1104007D2523 = {
			isa = PBXGroup;
			children = (
				B44A22FF217B1104007D2523 /* ServerSocketPractice */,
				B44A22FE217B1104007D2523 /* Products */,
				8E8375C94E92C65E57BB43AE /* Pods */,
				0B1AF27F352A3C58F6978014 /* Frameworks */,
			);
			sourceTree = "<group>";
		};
		B44A22FE217B1104007D2523 /* Products */ = {
			isa = PBXGroup;
			children = (
				B44A22FD217B1104007D2523 /* ServerSocketPractice.app */,
			);
			name = Products;
			sourceTree = "<group>";
		};
		B44A22FF217B1104007D2523 /* ServerSocketPractice */ = {
			isa = PBXGroup;
			children = (
				B44A2300217B1104007D2523 /* AppDelegate.swift */,
				B44A2302217B1104007D2523 /* ViewController.swift */,
				B44A2304217B1104007D2523 /* Main.storyboard */,
				B44A2307217B1106007D2523 /* Assets.xcassets */,
				B44A2309217B1106007D2523 /* LaunchScreen.storyboard */,
				B44A230C217B1106007D2523 /* Info.plist */,
			);
			path = ServerSocketPractice;
			sourceTree = "<group>";
		};
/* End PBXGroup section */

/* Begin PBXNativeTarget section */
		B44A22FC217B1104007D2523 /* ServerSocketPractice */ = {
			isa = PBXNativeTarget;
			buildConfigurationList = B44A230F217B1106007D2523 /* Build configuration list for PBXNativeTarget "ServerSocketPractice" */;
			buildPhases = (
				842C0EC9F258D62194D806D8 /* [CP] Check Pods Manifest.lock */,
				B44A22F9217B1104007D2523 /* Sources */,
				B44A22FA217B1104007D2523 /* Frameworks */,
				B44A22FB217B1104007D2523 /* Resources */,
				7778B358C87F353E67815151 /* [CP] Embed Pods Frameworks */,
			);
			buildRules = (
			);
			dependencies = (
			);
			name = ServerSocketPractice;
			productName = ServerSocketPractice;
			productReference = B44A22FD217B1104007D2523 /* ServerSocketPractice.app */;
			productType = "com.apple.product-type.application";
		};
/* End PBXNativeTarget section */

/* Begin PBXProject section */
		B44A22F5217B1104007D2523 /* Project object */ = {
			isa = PBXProject;
			attributes = {
				LastSwiftUpdateCheck = 1000;
				LastUpgradeCheck = 1000;
				ORGANIZATIONNAME = lumanman;
				TargetAttributes = {
					B44A22FC217B1104007D2523 = {
						CreatedOnToolsVersion = 10.0;
					};
				};
			};
			buildConfigurationList = B44A22F8217B1104007D2523 /* Build configuration list for PBXProject "ServerSocketPractice" */;
			compatibilityVersion = "Xcode 9.3";
			developmentRegion = en;
			hasScannedForEncodings = 0;
			knownRegions = (
				en,
				Base,
			);
			mainGroup = B44A22F4217B1104007D2523;
			productRefGroup = B44A22FE217B1104007D2523 /* Products */;
			projectDirPath = "";
			projectRoot = "";
			targets = (
				B44A22FC217B1104007D2523 /* ServerSocketPractice */,
			);
		};
/* End PBXProject section */

/* Begin PBXResourcesBuildPhase section */
		B44A22FB217B1104007D2523 /* Resources */ = {
			isa = PBXResourcesBuildPhase;
			buildActionMask = 2147483647;
			files = (
				B44A230B217B1106007D2523 /* LaunchScreen.storyboard in Resources */,
				B44A2308217B1106007D2523 /* Assets.xcassets in Resources */,
				B44A2306217B1104007D2523 /* Main.storyboard in Resources */,
			);
			runOnlyForDeploymentPostprocessing = 0;
		};
/* End PBXResourcesBuildPhase section */

/* Begin PBXShellScriptBuildPhase section */
		7778B358C87F353E67815151 /* [CP] Embed Pods Frameworks */ = {
			isa = PBXShellScriptBuildPhase;
			buildActionMask = 2147483647;
			files = (
			);
			inputPaths = (
				"${SRCROOT}/Pods/Target Support Files/Pods-ServerSocketPractice/Pods-ServerSocketPractice-frameworks.sh",
				"${BUILT_PRODUCTS_DIR}/CocoaAsyncSocket/CocoaAsyncSocket.framework",
			);
			name = "[CP] Embed Pods Frameworks";
			outputPaths = (
				"${TARGET_BUILD_DIR}/${FRAMEWORKS_FOLDER_PATH}/CocoaAsyncSocket.framework",
			);
			runOnlyForDeploymentPostprocessing = 0;
			shellPath = /bin/sh;
			shellScript = "\"${SRCROOT}/Pods/Target Support Files/Pods-ServerSocketPractice/Pods-ServerSocketPractice-frameworks.sh\"\n";
			showEnvVarsInLog = 0;
		};
		842C0EC9F258D62194D806D8 /* [CP] Check Pods Manifest.lock */ = {
			isa = PBXShellScriptBuildPhase;
			buildActionMask = 2147483647;
			files = (
			);
			inputPaths = (
				"${PODS_PODFILE_DIR_PATH}/Podfile.lock",
				"${PODS_ROOT}/Manifest.lock",
			);
			name = "[CP] Check Pods Manifest.lock";
			outputPaths = (
				"$(DERIVED_FILE_DIR)/Pods-ServerSocketPractice-checkManifestLockResult.txt",
			);
			runOnlyForDeploymentPostprocessing = 0;
			shellPath = /bin/sh;
			shellScript = "diff \"${PODS_PODFILE_DIR_PATH}/Podfile.lock\" \"${PODS_ROOT}/Manifest.lock\" > /dev/null\nif [ $? != 0 ] ; then\n    # print error to STDERR\n    echo \"error: The sandbox is not in sync with the Podfile.lock. Run 'pod install' or update your CocoaPods installation.\" >&2\n    exit 1\nfi\n# This output is used by Xcode 'outputs' to avoid re-running this script phase.\necho \"SUCCESS\" > \"${SCRIPT_OUTPUT_FILE_0}\"\n";
			showEnvVarsInLog = 0;
		};
/* End PBXShellScriptBuildPhase section */

/* Begin PBXSourcesBuildPhase section */
		B44A22F9217B1104007D2523 /* Sources */ = {
			isa = PBXSourcesBuildPhase;
			buildActionMask = 2147483647;
			files = (
				B44A2303217B1104007D2523 /* ViewController.swift in Sources */,
				B44A2301217B1104007D2523 /* AppDelegate.swift in Sources */,
			);
			runOnlyForDeploymentPostprocessing = 0;
		};
/* End PBXSourcesBuildPhase section */

/* Begin PBXVariantGroup section */
		B44A2304217B1104007D2523 /* Main.storyboard */ = {
			isa = PBXVariantGroup;
			children = (
				B44A2305217B1104007D2523 /* Base */,
			);
			name = Main.storyboard;
			sourceTree = "<group>";
		};
		B44A2309217B1106007D2523 /* LaunchScreen.storyboard */ = {
			isa = PBXVariantGroup;
			children = (
				B44A230A217B1106007D2523 /* Base */,
			);
			name = LaunchScreen.storyboard;
			sourceTree = "<group>";
		};
/* End PBXVariantGroup section */

/* Begin XCBuildConfiguration section */
		B44A230D217B1106007D2523 /* Debug */ = {
			isa = XCBuildConfiguration;
			buildSettings = {
				ALWAYS_SEARCH_USER_PATHS = NO;
				CLANG_ANALYZER_NONNULL = YES;
				CLANG_ANALYZER_NUMBER_OBJECT_CONVERSION = YES_AGGRESSIVE;
				CLANG_CXX_LANGUAGE_STANDARD = "gnu++14";
				CLANG_CXX_LIBRARY = "libc++";
				CLANG_ENABLE_MODULES = YES;
				CLANG_ENABLE_OBJC_ARC = YES;
				CLANG_ENABLE_OBJC_WEAK = YES;
				CLANG_WARN_BLOCK_CAPTURE_AUTORELEASING = YES;
				CLANG_WARN_BOOL_CONVERSION = YES;
				CLANG_WARN_COMMA = YES;
				CLANG_WARN_CONSTANT_CONVERSION = YES;
				CLANG_WARN_DEPRECATED_OBJC_IMPLEMENTATIONS = YES;
				CLANG_WARN_DIRECT_OBJC_ISA_USAGE = YES_ERROR;
				CLANG_WARN_DOCUMENTATION_COMMENTS = YES;
				CLANG_WARN_EMPTY_BODY = YES;
				CLANG_WARN_ENUM_CONVERSION = YES;
				CLANG_WARN_INFINITE_RECURSION = YES;
				CLANG_WARN_INT_CONVERSION = YES;
				CLANG_WARN_NON_LITERAL_NULL_CONVERSION = YES;
				CLANG_WARN_OBJC_IMPLICIT_RETAIN_SELF = YES;
				CLANG_WARN_OBJC_LITERAL_CONVERSION = YES;
				CLANG_WARN_OBJC_ROOT_CLASS = YES_ERROR;
				CLANG_WARN_RANGE_LOOP_ANALYSIS = YES;
				CLANG_WARN_STRICT_PROTOTYPES = YES;
				CLANG_WARN_SUSPICIOUS_MOVE = YES;
				CLANG_WARN_UNGUARDED_AVAILABILITY = YES_AGGRESSIVE;
				CLANG_WARN_UNREACHABLE_CODE = YES;
				CLANG_WARN__DUPLICATE_METHOD_MATCH = YES;
				CODE_SIGN_IDENTITY = "iPhone Developer";
				COPY_PHASE_STRIP = NO;
				DEBUG_INFORMATION_FORMAT = dwarf;
				ENABLE_STRICT_OBJC_MSGSEND = YES;
				ENABLE_TESTABILITY = YES;
				GCC_C_LANGUAGE_STANDARD = gnu11;
				GCC_DYNAMIC_NO_PIC = NO;
				GCC_NO_COMMON_BLOCKS = YES;
				GCC_OPTIMIZATION_LEVEL = 0;
				GCC_PREPROCESSOR_DEFINITIONS = (
					"DEBUG=1",
					"$(inherited)",
				);
				GCC_WARN_64_TO_32_BIT_CONVERSION = YES;
				GCC_WARN_ABOUT_RETURN_TYPE = YES_ERROR;
				GCC_WARN_UNDECLARED_SELECTOR = YES;
				GCC_WARN_UNINITIALIZED_AUTOS = YES_AGGRESSIVE;
				GCC_WARN_UNUSED_FUNCTION = YES;
				GCC_WARN_UNUSED_VARIABLE = YES;
				IPHONEOS_DEPLOYMENT_TARGET = 12.0;
				MTL_ENABLE_DEBUG_INFO = INCLUDE_SOURCE;
				MTL_FAST_MATH = YES;
				ONLY_ACTIVE_ARCH = YES;
				SDKROOT = iphoneos;
				SWIFT_ACTIVE_COMPILATION_CONDITIONS = DEBUG;
				SWIFT_OPTIMIZATION_LEVEL = "-Onone";
			};
			name = Debug;
		};
		B44A230E217B1106007D2523 /* Release */ = {
			isa = XCBuildConfiguration;
			buildSettings = {
				ALWAYS_SEARCH_USER_PATHS = NO;
				CLANG_ANALYZER_NONNULL = YES;
				CLANG_ANALYZER_NUMBER_OBJECT_CONVERSION = YES_AGGRESSIVE;
				CLANG_CXX_LANGUAGE_STANDARD = "gnu++14";
				CLANG_CXX_LIBRARY = "libc++";
				CLANG_ENABLE_MODULES = YES;
				CLANG_ENABLE_OBJC_ARC = YES;
				CLANG_ENABLE_OBJC_WEAK = YES;
				CLANG_WARN_BLOCK_CAPTURE_AUTORELEASING = YES;
				CLANG_WARN_BOOL_CONVERSION = YES;
				CLANG_WARN_COMMA = YES;
				CLANG_WARN_CONSTANT_CONVERSION = YES;
				CLANG_WARN_DEPRECATED_OBJC_IMPLEMENTATIONS = YES;
				CLANG_WARN_DIRECT_OBJC_ISA_USAGE = YES_ERROR;
				CLANG_WARN_DOCUMENTATION_COMMENTS = YES;
				CLANG_WARN_EMPTY_BODY = YES;
				CLANG_WARN_ENUM_CONVERSION = YES;
				CLANG_WARN_INFINITE_RECURSION = YES;
				CLANG_WARN_INT_CONVERSION = YES;
				CLANG_WARN_NON_LITERAL_NULL_CONVERSION = YES;
				CLANG_WARN_OBJC_IMPLICIT_RETAIN_SELF = YES;
				CLANG_WARN_OBJC_LITERAL_CONVERSION = YES;
				CLANG_WARN_OBJC_ROOT_CLASS = YES_ERROR;
				CLANG_WARN_RANGE_LOOP_ANALYSIS = YES;
				CLANG_WARN_STRICT_PROTOTYPES = YES;
				CLANG_WARN_SUSPICIOUS_MOVE = YES;
				CLANG_WARN_UNGUARDED_AVAILABILITY = YES_AGGRESSIVE;
				CLANG_WARN_UNREACHABLE_CODE = YES;
				CLANG_WARN__DUPLICATE_METHOD_MATCH = YES;
				CODE_SIGN_IDENTITY = "iPhone Developer";
				COPY_PHASE_STRIP = NO;
				DEBUG_INFORMATION_FORMAT = "dwarf-with-dsym";
				ENABLE_NS_ASSERTIONS = NO;
				ENABLE_STRICT_OBJC_MSGSEND = YES;
				GCC_C_LANGUAGE_STANDARD = gnu11;
				GCC_NO_COMMON_BLOCKS = YES;
				GCC_WARN_64_TO_32_BIT_CONVERSION = YES;
				GCC_WARN_ABOUT_RETURN_TYPE = YES_ERROR;
				GCC_WARN_UNDECLARED_SELECTOR = YES;
				GCC_WARN_UNINITIALIZED_AUTOS = YES_AGGRESSIVE;
				GCC_WARN_UNUSED_FUNCTION = YES;
				GCC_WARN_UNUSED_VARIABLE = YES;
				IPHONEOS_DEPLOYMENT_TARGET = 12.0;
				MTL_ENABLE_DEBUG_INFO = NO;
				MTL_FAST_MATH = YES;
				SDKROOT = iphoneos;
				SWIFT_COMPILATION_MODE = wholemodule;
				SWIFT_OPTIMIZATION_LEVEL = "-O";
				VALIDATE_PRODUCT = YES;
			};
			name = Release;
		};
		B44A2310217B1106007D2523 /* Debug */ = {
			isa = XCBuildConfiguration;
			baseConfigurationReference = 3B75B1F84A0F5EC0B73BEAAB /* Pods-ServerSocketPractice.debug.xcconfig */;
			buildSettings = {
				ASSETCATALOG_COMPILER_APPICON_NAME = AppIcon;
				CODE_SIGN_STYLE = Automatic;
				INFOPLIST_FILE = ServerSocketPractice/Info.plist;
				LD_RUNPATH_SEARCH_PATHS = "$(inherited) @executable_path/Frameworks";
				PRODUCT_BUNDLE_IDENTIFIER = com.strikingly.lumanmann.ServerSocketPractice;
				PRODUCT_NAME = "$(TARGET_NAME)";
				SWIFT_VERSION = 4.2;
				TARGETED_DEVICE_FAMILY = "1,2";
			};
			name = Debug;
		};
		B44A2311217B1106007D2523 /* Release */ = {
			isa = XCBuildConfiguration;
			baseConfigurationReference = C26CFF2BF0B3D665519B12C8 /* Pods-ServerSocketPractice.release.xcconfig */;
			buildSettings = {
				ASSETCATALOG_COMPILER_APPICON_NAME = AppIcon;
				CODE_SIGN_STYLE = Automatic;
				INFOPLIST_FILE = ServerSocketPractice/Info.plist;
				LD_RUNPATH_SEARCH_PATHS = "$(inherited) @executable_path/Frameworks";
				PRODUCT_BUNDLE_IDENTIFIER = com.strikingly.lumanmann.ServerSocketPractice;
				PRODUCT_NAME = "$(TARGET_NAME)";
				SWIFT_VERSION = 4.2;
				TARGETED_DEVICE_FAMILY = "1,2";
			};
			name = Release;
		};
/* End XCBuildConfiguration section */

/* Begin XCConfigurationList section */
		B44A22F8217B1104007D2523 /* Build configuration list for PBXProject "ServerSocketPractice" */ = {
			isa = XCConfigurationList;
			buildConfigurations = (
				B44A230D217B1106007D2523 /* Debug */,
				B44A230E217B1106007D2523 /* Release */,
			);
			defaultConfigurationIsVisible = 0;
			defaultConfigurationName = Release;
		};
		B44A230F217B1106007D2523 /* Build configuration list for PBXNativeTarget "ServerSocketPractice" */ = {
			isa = XCConfigurationList;
			buildConfigurations = (
				B44A2310217B1106007D2523 /* Debug */,
				B44A2311217B1106007D2523 /* Release */,
			);
			defaultConfigurationIsVisible = 0;
			defaultConfigurationName = Release;
		};
/* End XCConfigurationList section */
	};
	rootObject = B44A22F5217B1104007D2523 /* Project object */;
}
